
Microsoft Visual Studio Solution File, Format Version 12.00
# Visual Studio 15
VisualStudioVersion = 15.0.26430.13
MinimumVisualStudioVersion = 10.0.40219.1
Project("{FAE04EC0-301F-11D3-BF4B-00C04F79EFBC}") = "SkyReg", "SkyReg\SkyReg.csproj", "{303D3A81-A0D9-4137-9407-9147A5E1BFA0}"
EndProject
Project("{FAE04EC0-301F-11D3-BF4B-00C04F79EFBC}") = "DataLayer", "DataLayer\DataLayer.csproj", "{5CB51742-7C31-4D1A-BD08-F783A0AA485B}"
EndProject
Global
	GlobalSection(SolutionConfigurationPlatforms) = preSolution
		Debug|Any CPU = Debug|Any CPU
		Release|Any CPU = Release|Any CPU
	EndGlobalSection
	GlobalSection(ProjectConfigurationPlatforms) = postSolution
		{303D3A81-A0D9-4137-9407-9147A5E1BFA0}.Debug|Any CPU.ActiveCfg = Debug|Any CPU
		{303D3A81-A0D9-4137-9407-9147A5E1BFA0}.Debug|Any CPU.Build.0 = Debug|Any CPU
		{303D3A81-A0D9-4137-9407-9147A5E1BFA0}.Release|Any CPU.ActiveCfg = Release|Any CPU
		{303D3A81-A0D9-4137-9407-9147A5E1BFA0}.Release|Any CPU.Build.0 = Release|Any CPU
		{5CB51742-7C31-4D1A-BD08-F783A0AA485B}.Debug|Any CPU.ActiveCfg = Debug|Any CPU
		{5CB51742-7C31-4D1A-BD08-F783A0AA485B}.Debug|Any CPU.Build.0 = Debug|Any CPU
		{5CB51742-7C31-4D1A-BD08-F783A0AA485B}.Release|Any CPU.ActiveCfg = Release|Any CPU
		{5CB51742-7C31-4D1A-BD08-F783A0AA485B}.Release|Any CPU.Build.0 = Release|Any CPU
	EndGlobalSection
	GlobalSection(SolutionProperties) = preSolution
		HideSolutionNode = FALSE
	EndGlobalSection
EndGlobal
